
Microsoft Visual Studio Solution File, Format Version 12.00
# Visual Studio Version 17
VisualStudioVersion = 17.2.32630.192
MinimumVisualStudioVersion = 10.0.40219.1
Project("{F184B08F-C81C-45F6-A57F-5ABD9991F28F}") = "WindowsApp3", "WindowsApp3\WindowsApp3.vbproj", "{D69785E9-C4E7-4886-A15A-245ADCD2F2B4}"
EndProject
Global
	GlobalSection(SolutionConfigurationPlatforms) = preSolution
		Debug|Any CPU = Debug|Any CPU
		Release|Any CPU = Release|Any CPU
	EndGlobalSection
	GlobalSection(ProjectConfigurationPlatforms) = postSolution
		{D69785E9-C4E7-4886-A15A-245ADCD2F2B4}.Debug|Any CPU.ActiveCfg = Debug|Any CPU
		{D69785E9-C4E7-4886-A15A-245ADCD2F2B4}.Debug|Any CPU.Build.0 = Debug|Any CPU
		{D69785E9-C4E7-4886-A15A-245ADCD2F2B4}.Release|Any CPU.ActiveCfg = Release|Any CPU
		{D69785E9-C4E7-4886-A15A-245ADCD2F2B4}.Release|Any CPU.Build.0 = Release|Any CPU
	EndGlobalSection
	GlobalSection(SolutionProperties) = preSolution
		HideSolutionNode = FALSE
	EndGlobalSection
	GlobalSection(ExtensibilityGlobals) = postSolution
		SolutionGuid = {86E8DE52-6F55-4927-A17E-61097C7727F7}
	EndGlobalSection
EndGlobal
