
Microsoft Visual Studio Solution File, Format Version 12.00
# Visual Studio Version 17
VisualStudioVersion = 17.2.32630.192
MinimumVisualStudioVersion = 10.0.40219.1
Project("{F184B08F-C81C-45F6-A57F-5ABD9991F28F}") = "car decs", "car decs\car decs.vbproj", "{D16AE1B9-1C61-4697-A681-4160C55941A3}"
EndProject
Global
	GlobalSection(SolutionConfigurationPlatforms) = preSolution
		Debug|Any CPU = Debug|Any CPU
		Release|Any CPU = Release|Any CPU
	EndGlobalSection
	GlobalSection(ProjectConfigurationPlatforms) = postSolution
		{D16AE1B9-1C61-4697-A681-4160C55941A3}.Debug|Any CPU.ActiveCfg = Debug|Any CPU
		{D16AE1B9-1C61-4697-A681-4160C55941A3}.Debug|Any CPU.Build.0 = Debug|Any CPU
		{D16AE1B9-1C61-4697-A681-4160C55941A3}.Release|Any CPU.ActiveCfg = Release|Any CPU
		{D16AE1B9-1C61-4697-A681-4160C55941A3}.Release|Any CPU.Build.0 = Release|Any CPU
	EndGlobalSection
	GlobalSection(SolutionProperties) = preSolution
		HideSolutionNode = FALSE
	EndGlobalSection
	GlobalSection(ExtensibilityGlobals) = postSolution
		SolutionGuid = {E87B4C50-E90A-4BAA-9889-EF6F2DE20994}
	EndGlobalSection
EndGlobal
