
Microsoft Visual Studio Solution File, Format Version 12.00
# Visual Studio Version 17
VisualStudioVersion = 17.2.32630.192
MinimumVisualStudioVersion = 10.0.40219.1
Project("{F184B08F-C81C-45F6-A57F-5ABD9991F28F}") = "calculator", "calculator\calculator.vbproj", "{B13BF30B-BDA9-491C-9A89-A3958C21EF6E}"
EndProject
Global
	GlobalSection(SolutionConfigurationPlatforms) = preSolution
		Debug|Any CPU = Debug|Any CPU
		Release|Any CPU = Release|Any CPU
	EndGlobalSection
	GlobalSection(ProjectConfigurationPlatforms) = postSolution
		{B13BF30B-BDA9-491C-9A89-A3958C21EF6E}.Debug|Any CPU.ActiveCfg = Debug|Any CPU
		{B13BF30B-BDA9-491C-9A89-A3958C21EF6E}.Debug|Any CPU.Build.0 = Debug|Any CPU
		{B13BF30B-BDA9-491C-9A89-A3958C21EF6E}.Release|Any CPU.ActiveCfg = Release|Any CPU
		{B13BF30B-BDA9-491C-9A89-A3958C21EF6E}.Release|Any CPU.Build.0 = Release|Any CPU
	EndGlobalSection
	GlobalSection(SolutionProperties) = preSolution
		HideSolutionNode = FALSE
	EndGlobalSection
	GlobalSection(ExtensibilityGlobals) = postSolution
		SolutionGuid = {B15E8B77-AAFF-413A-9B0A-A16E025FDEFF}
	EndGlobalSection
EndGlobal
